
Microsoft Visual Studio Solution File, Format Version 12.00
# Visual Studio Version 17
VisualStudioVersion = 17.8.34330.188
MinimumVisualStudioVersion = 10.0.40219.1
Project("{FAE04EC0-301F-11D3-BF4B-00C04F79EFBC}") = "MoviePickerBackend", "MoviePickerBackend\MoviePickerBackend.csproj", "{121C2F2F-B531-4D03-87B8-D8531DC361FC}"
EndProject
Global
	GlobalSection(SolutionConfigurationPlatforms) = preSolution
		Debug|Any CPU = Debug|Any CPU
		Release|Any CPU = Release|Any CPU
	EndGlobalSection
	GlobalSection(ProjectConfigurationPlatforms) = postSolution
		{121C2F2F-B531-4D03-87B8-D8531DC361FC}.Debug|Any CPU.ActiveCfg = Debug|Any CPU
		{121C2F2F-B531-4D03-87B8-D8531DC361FC}.Debug|Any CPU.Build.0 = Debug|Any CPU
		{121C2F2F-B531-4D03-87B8-D8531DC361FC}.Release|Any CPU.ActiveCfg = Release|Any CPU
		{121C2F2F-B531-4D03-87B8-D8531DC361FC}.Release|Any CPU.Build.0 = Release|Any CPU
	EndGlobalSection
	GlobalSection(SolutionProperties) = preSolution
		HideSolutionNode = FALSE
	EndGlobalSection
	GlobalSection(ExtensibilityGlobals) = postSolution
		SolutionGuid = {AA67AB01-C622-4AF8-8139-7E9D766D4E9C}
	EndGlobalSection
EndGlobal
